{
  "name": "fcc-book-trading",
  "version": "0.0.0",
  "lockfileVersion": 1,
  "requires": true,
  "dependencies": {
    "@angular/animations": {
      "version": "4.2.5",
      "resolved": "https://registry.npmjs.org/@angular/animations/-/animations-4.2.5.tgz",
      "integrity": "sha1-EjD2vGoY8quyPifx2a6e+v0aYDE="
    },
    "@angular/cdk": {
      "version": "2.0.0-beta.8",
      "resolved": "https://registry.npmjs.org/@angular/cdk/-/cdk-2.0.0-beta.8.tgz",
      "integrity": "sha512-OOtK+AA14cmRG9AbUgvoKC9Tooz0N37GTaRSV+xziC8GxXHgwvTu4PFSFHlBnHPipOYC/tB2oP39j3KuurEMPA=="
    },
    "@angular/cli": {
      "version": "1.2.5",
      "resolved": "https://registry.npmjs.org/@angular/cli/-/cli-1.2.5.tgz",
      "integrity": "sha1-1zRgp1SoGzNEITRIQRAMhmUnaoE=",
      "dependencies": {
        "@ngtools/webpack": {
          "version": "1.5.4",
          "resolved": "https://registry.npmjs.org/@ngtools/webpack/-/webpack-1.5.4.tgz",
          "integrity": "sha1-ooHJXAfbpEyVxqI01leIAoWvDd0="
        },
        "ansi-styles": {
          "version": "3.2.0",
          "resolved": "https://registry.npmjs.org/ansi-styles/-/ansi-styles-3.2.0.tgz",
          "integrity": "sha512-NnSOmMEYtVR2JVMIGTzynRkkaxtiq1xnFBcdQD/DnNCYPoEPsVJhM98BDyaoNOQIi7p4okdi3E27eN7GQbsUug=="
        },
        "chalk": {
          "version": "2.0.1",
          "resolved": "https://registry.npmjs.org/chalk/-/chalk-2.0.1.tgz",
          "integrity": "sha512-Mp+FXEI+FrwY/XYV45b2YD3E8i3HwnEAoFcM0qlZzq/RZ9RwWitt2Y/c7cqRAz70U7hfekqx6qNYthuKFO6K0g=="
        },
        "fs-extra": {
          "version": "4.0.0",
          "resolved": "https://registry.npmjs.org/fs-extra/-/fs-extra-4.0.0.tgz",
          "integrity": "sha1-QU+0yi0hcLoAFBWdOorsMwNBjZ4="
        },
        "has-flag": {
          "version": "2.0.0",
          "resolved": "https://registry.npmjs.org/has-flag/-/has-flag-2.0.0.tgz",
          "integrity": "sha1-6CB68cx7MNRGzHC3NLXovhj4jVE="
        },
        "magic-string": {
          "version": "0.22.3",
          "resolved": "https://registry.npmjs.org/magic-string/-/magic-string-0.22.3.tgz",
          "integrity": "sha512-pqnTW6coZiT8HvFKHoswarM6YTaYYN4imHlEtc+1LZC8hYdV+5sp0ZQqv7oEBhcDHx+c83Y1aYiUwPmoQlZmwQ=="
        },
        "opn": {
          "version": "5.1.0",
          "resolved": "https://registry.npmjs.org/opn/-/opn-5.1.0.tgz",
          "integrity": "sha512-iPNl7SyM8L30Rm1sjGdLLheyHVw5YXVfi3SKWJzBI7efxRwHojfRFjwE/OLM6qp9xJYMgab8WicTU1cPoY+Hpg=="
        },
        "supports-color": {
          "version": "4.2.1",
          "resolved": "https://registry.npmjs.org/supports-color/-/supports-color-4.2.1.tgz",
          "integrity": "sha512-qxzYsob3yv6U+xMzPrv170y8AwGP7i74g+pbixCfD6rgso8BscLT2qXIuz6TpOaiJZ3mFgT5O9lyT9nMU4LfaA=="
        }
      }
    },
    "@angular/common": {
      "version": "4.2.5",
      "resolved": "https://registry.npmjs.org/@angular/common/-/common-4.2.5.tgz",
      "integrity": "sha1-TVCpW0RM1Yz3BvDandFAfTuDNi4="
    },
    "@angular/compiler": {
      "version": "4.2.5",
      "resolved": "https://registry.npmjs.org/@angular/compiler/-/compiler-4.2.5.tgz",
      "integrity": "sha1-tIZ0x0VrKw3xBy1w5OZnr4bN34M="
    },
    "@angular/compiler-cli": {
      "version": "4.2.5",
      "resolved": "https://registry.npmjs.org/@angular/compiler-cli/-/compiler-cli-4.2.5.tgz",
      "integrity": "sha1-OzltZa3oOA83EgHUNh/JYqSax2o=",
      "dependencies": {
        "minimist": {
          "version": "1.2.0",
          "resolved": "https://registry.npmjs.org/minimist/-/minimist-1.2.0.tgz",
          "integrity": "sha1-o1AIsg9BOD7sH7kU9M1d95omQoQ="
        }
      }
    },
    "@angular/core": {
      "version": "11.0.5",
      "resolved": "https://registry.npmjs.org/@angular/core/-/core-11.0.5.tgz",
      "integrity": "sha512-XAXWQi7R3ucZXQwx9QK5jSKJeQyRJ53u2dQDpr7R5stzeCy1a5hrNOkZLg9zOTTPcth/6+FrOrRZP9SMdxtw3w==",
      "requires": {
        "tslib": "^2.0.0"
      },
      "dependencies": {
        "tslib": {
          "version": "2.4.0",
          "resolved": "https://registry.npmjs.org/tslib/-/tslib-2.4.0.tgz",
          "integrity": "sha512-d6xOpEDfsi2CZVlPQzGeux8XMwLT9hssAsaPYExaQMuYskwb+x1x7J371tWlbBdWHroy99KnVB6qIkUbs5X3UQ=="
        }
      }
    },
    "@angular/forms": {
      "version": "4.2.5",
      "resolved": "https://registry.npmjs.org/@angular/forms/-/forms-4.2.5.tgz",
      "integrity": "sha1-p+VcjR9aToU37+Ht14NOSh9ZxuQ="
    },
    "@angular/http": {
      "version": "4.2.5",
      "resolved": "https://registry.npmjs.org/@angular/http/-/http-4.2.5.tgz",
      "integrity": "sha1-P/+OXPjogmK6zRyZYwQxLDxaOu8="
    },
    "@angular/language-service": {
      "version": "4.2.5",
      "resolved": "https://registry.npmjs.org/@angular/language-service/-/language-service-4.2.5.tgz",
      "integrity": "sha1-kSyo6+rDy8PVHDNEVoEnl023p0A=",
      "dev": true
    },
    "@angular/material": {
      "version": "2.0.0-beta.8",
      "resolved": "https://registry.npmjs.org/@angular/material/-/material-2.0.0-beta.8.tgz",
      "integrity": "sha512-4+OecvjU15i+l/vXBP2qEHdlsU9taK6kBhsWKsxNLK3+TAVoV5qjc2rjOucHtTwI/oOjyBXnLJP6pl4tuLEUQw=="
    },
    "@angular/platform-browser": {
      "version": "4.2.5",
      "resolved": "https://registry.npmjs.org/@angular/platform-browser/-/platform-browser-4.2.5.tgz",
      "integrity": "sha1-2d3+D4EITpjvJKefSF27ES54oMQ="
    },
    "@angular/platform-browser-dynamic": {
      "version": "4.2.5",
      "resolved": "https://registry.npmjs.org/@angular/platform-browser-dynamic/-/platform-browser-dynamic-4.2.5.tgz",
      "integrity": "sha1-gHbsSohcw6GiPF5UDECn/dP357I="
    },
    "@angular/router": {
      "version": "4.2.5",
      "resolved": "https://registry.npmjs.org/@angular/router/-/router-4.2.5.tgz",
      "integrity": "sha1-fzZAiUk6saBurF8MYowPn9sRAI8="
    },
    "@types/firebase": {
      "version": "2.4.31",
      "resolved": "https://registry.npmjs.org/@types/firebase/-/firebase-2.4.31.tgz",
      "integrity": "sha1-io39tgK815C5lpFwH4chJKFM13g="
    },
    "@types/jasmine": {
      "version": "2.5.53",
      "resolved": "https://registry.npmjs.org/@types/jasmine/-/jasmine-2.5.53.tgz",
      "integrity": "sha512-2YNL0jXYuN7w07mb1sMZQ6T6zOvGi83v8UbjhBZ8mhvI1VkQ2STU9XOrTFyvWswMyh5rW1evS+e7qltYJvTqPA==",
      "dev": true
    },
    "@types/jasminewd2": {
      "version": "2.0.2",
      "resolved": "https://registry.npmjs.org/@types/jasminewd2/-/jasminewd2-2.0.2.tgz",
      "integrity": "sha1-X2jh5pe/ELxv2Mvy4Aaj1nEsW2Q=",
      "dev": true
    },
    "@types/node": {
      "version": "6.0.79",
      "resolved": "https://registry.npmjs.org/@types/node/-/node-6.0.79.tgz",
      "integrity": "sha512-7F3/P6MkTPA0QxOstRqfcnoReCUy5V/QG92cyBoZSPnqdX44L8TtNELSVfN56gAttm3YWj9cEi8FRIPVq0WmeQ==",
      "dev": true
    },
    "angularfire2": {
      "version": "4.0.0-rc.1",
      "resolved": "https://registry.npmjs.org/angularfire2/-/angularfire2-4.0.0-rc.1.tgz",
      "integrity": "sha1-1zAUrFQxwEWO6VMhT3mVOgZSjD8="
    },
    "codelyzer": {
      "version": "3.0.1",
      "resolved": "https://registry.npmjs.org/codelyzer/-/codelyzer-3.0.1.tgz",
      "integrity": "sha1-uma3sqpWT+n0XWAEtAA60s8RaCg=",
      "dev": true
    },
    "core-js": {
      "version": "2.4.1",
      "resolved": "https://registry.npmjs.org/core-js/-/core-js-2.4.1.tgz",
      "integrity": "sha1-TekR5mew6ukSTjQlS1OupvxhjT4="
    },
    "express": {
      "version": "4.15.3",
      "resolved": "https://registry.npmjs.org/express/-/express-4.15.3.tgz",
      "integrity": "sha1-urZdDwOqgMNYQIly/HAPkWlEtmI=",
      "dependencies": {
        "debug": {
          "version": "2.6.7",
          "resolved": "https://registry.npmjs.org/debug/-/debug-2.6.7.tgz",
          "integrity": "sha1-krrR9tBbu2u6Isyoi80OyJTChh4="
        }
      }
    },
    "firebase": {
      "version": "4.1.3",
      "resolved": "https://registry.npmjs.org/firebase/-/firebase-4.1.3.tgz",
      "integrity": "sha1-5dcyc2bIVNwSRhYzuov+6i9cc1g=",
      "dependencies": {
        "base64url": {
          "version": "https://registry.npmjs.org/base64url/-/base64url-2.0.0.tgz",
          "integrity": "sha1-6sFuA+oUOO/5Qj1puqNiYu0fcLs="
        },
        "buffer-equal-constant-time": {
          "version": "https://registry.npmjs.org/buffer-equal-constant-time/-/buffer-equal-constant-time-1.0.1.tgz",
          "integrity": "sha1-+OcRMvf/5uAaXJaXpMbz5I1cyBk="
        },
        "dom-storage": {
          "version": "https://registry.npmjs.org/dom-storage/-/dom-storage-2.0.2.tgz",
          "integrity": "sha1-7RfL9oq9EOCu+BgnE+KXxeS1ALA="
        },
        "ecdsa-sig-formatter": {
          "version": "https://registry.npmjs.org/ecdsa-sig-formatter/-/ecdsa-sig-formatter-1.0.9.tgz",
          "integrity": "sha1-S8kmJ07Dtau1AW5+HWCSGsJisqE="
        },
        "faye-websocket": {
          "version": "https://registry.npmjs.org/faye-websocket/-/faye-websocket-0.9.3.tgz",
          "integrity": "sha1-SCpQWw3wrmJrlphm0710DNuWLoM="
        },
        "hoek": {
          "version": "https://registry.npmjs.org/hoek/-/hoek-2.16.3.tgz",
          "integrity": "sha1-ILt0A9POo5jpHcRxCo/xuCdKJe0="
        },
        "isemail": {
          "version": "https://registry.npmjs.org/isemail/-/isemail-1.2.0.tgz",
          "integrity": "sha1-vgPfjMPineTSxd9lASY/H6RZXpo="
        },
        "joi": {
          "version": "https://registry.npmjs.org/joi/-/joi-6.10.1.tgz",
          "integrity": "sha1-TVDDGAeRIgAP5fFq8f+OGRe3fgY="
        },
        "jsonwebtoken": {
          "version": "https://registry.npmjs.org/jsonwebtoken/-/jsonwebtoken-7.4.1.tgz",
          "integrity": "sha1-fKMk9SFfi+A5zTWmxFu4y3SkSPs="
        },
        "jwa": {
          "version": "https://registry.npmjs.org/jwa/-/jwa-1.1.5.tgz",
          "integrity": "sha1-oFUs4CIHQs1S4VN3SjKQXDDnVuU="
        },
        "jws": {
          "version": "https://registry.npmjs.org/jws/-/jws-3.1.4.tgz",
          "integrity": "sha1-+ei5M46KhHJ31kRLFGT2GIDgUKI="
        },
        "lodash.once": {
          "version": "https://registry.npmjs.org/lodash.once/-/lodash.once-4.1.1.tgz",
          "integrity": "sha1-DdOXEhPHxW34gJd9UEyI+0cal6w="
        },
        "moment": {
          "version": "https://registry.npmjs.org/moment/-/moment-2.18.1.tgz",
          "integrity": "sha1-w2GT3Tzhwu7SrbfIAtu8d6gbHA8="
        },
        "ms": {
          "version": "https://registry.npmjs.org/ms/-/ms-2.0.0.tgz",
          "integrity": "sha1-VgiurfwAvmwpAd9fmGF4jeDVl8g="
        },
        "promise-polyfill": {
          "version": "https://registry.npmjs.org/promise-polyfill/-/promise-polyfill-6.0.2.tgz",
          "integrity": "sha1-2chtPcTcLfkBboiUbe/Wm0m0EWI="
        },
        "safe-buffer": {
          "version": "https://registry.npmjs.org/safe-buffer/-/safe-buffer-5.1.0.tgz",
          "integrity": "sha1-/kyEYDl/nqqqWOc75GJzQIpF4iM="
        },
        "topo": {
          "version": "https://registry.npmjs.org/topo/-/topo-1.1.0.tgz",
          "integrity": "sha1-6ddRYV0buH3IZdsYL6HKCl71NtU="
        },
        "websocket-driver": {
          "version": "https://registry.npmjs.org/websocket-driver/-/websocket-driver-0.6.5.tgz",
          "integrity": "sha1-XLJVbOuF9Dc8bYI4qmkchFThOjY="
        },
        "websocket-extensions": {
          "version": "https://registry.npmjs.org/websocket-extensions/-/websocket-extensions-0.1.1.tgz",
          "integrity": "sha1-domUmcGEtu91Q3fC27DNbLVdKec="
        },
        "xmlhttprequest": {
          "version": "https://registry.npmjs.org/xmlhttprequest/-/xmlhttprequest-1.8.0.tgz",
          "integrity": "sha1-Z/4HXFwk/vOfnWX197f+dRcZaPw="
        },
        "xtend": {
          "version": "https://registry.npmjs.org/xtend/-/xtend-4.0.1.tgz",
          "integrity": "sha1-pcbVMr5lbiPbgg77lDofBJmNY68="
        }
      }
    },
    "jasmine-core": {
      "version": "2.6.4",
      "resolved": "https://registry.npmjs.org/jasmine-core/-/jasmine-core-2.6.4.tgz",
      "integrity": "sha1-3skmzQqfoof7bbXHVfpIfnTOysU=",
      "dev": true
    },
    "jasmine-spec-reporter": {
      "version": "4.1.1",
      "resolved": "https://registry.npmjs.org/jasmine-spec-reporter/-/jasmine-spec-reporter-4.1.1.tgz",
      "integrity": "sha1-Wm1Yq11hvqcwn7wnkjlRF1axtYg=",
      "dev": true
    },
    "karma": {
      "version": "1.7.0",
      "resolved": "https://registry.npmjs.org/karma/-/karma-1.7.0.tgz",
      "integrity": "sha1-b3oaQGRG+i4YfslTmGmPTO5HYmk=",
      "dev": true,
      "dependencies": {
        "lodash": {
          "version": "3.10.1",
          "resolved": "https://registry.npmjs.org/lodash/-/lodash-3.10.1.tgz",
          "integrity": "sha1-W/Rejkm6QYnhfUgnid/RW9FAt7Y="
        },
        "optimist": {
          "version": "0.6.1",
          "resolved": "https://registry.npmjs.org/optimist/-/optimist-0.6.1.tgz",
          "integrity": "sha1-2j6nRob6IaGaERwybpDrFaAZZoY="
        }
      }
    },
    "karma-chrome-launcher": {
      "version": "2.1.1",
      "resolved": "https://registry.npmjs.org/karma-chrome-launcher/-/karma-chrome-launcher-2.1.1.tgz",
      "integrity": "sha1-IWh5xorATY1RQOmWGboEtZr9Rs8=",
      "dev": true
    },
    "karma-cli": {
      "version": "1.0.1",
      "resolved": "https://registry.npmjs.org/karma-cli/-/karma-cli-1.0.1.tgz",
      "integrity": "sha1-rmw8WKMTodALRRZMRVubhs4X+WA=",
      "dev": true
    },
    "karma-coverage-istanbul-reporter": {
      "version": "1.3.0",
      "resolved": "https://registry.npmjs.org/karma-coverage-istanbul-reporter/-/karma-coverage-istanbul-reporter-1.3.0.tgz",
      "integrity": "sha1-0ULNnFVzHJ42Pvc3To7xoxvr+ts=",
      "dev": true
    },
    "karma-jasmine": {
      "version": "1.1.0",
      "resolved": "https://registry.npmjs.org/karma-jasmine/-/karma-jasmine-1.1.0.tgz",
      "integrity": "sha1-IuTAa/mhguUpTR9wXjczgRuBCs8=",
      "dev": true
    },
    "karma-jasmine-html-reporter": {
      "version": "0.2.2",
      "resolved": "https://registry.npmjs.org/karma-jasmine-html-reporter/-/karma-jasmine-html-reporter-0.2.2.tgz",
      "integrity": "sha1-SKjl7xiAdhfuK14zwRlMNbQ5Ukw=",
      "dev": true
    },
    "protractor": {
      "version": "5.1.2",
      "resolved": "https://registry.npmjs.org/protractor/-/protractor-5.1.2.tgz",
      "integrity": "sha1-myIXQXCaTGLVzVPGqt1UpxE36V8=",
      "dev": true,
      "dependencies": {
        "optimist": {
          "version": "0.6.1",
          "resolved": "https://registry.npmjs.org/optimist/-/optimist-0.6.1.tgz",
          "integrity": "sha1-2j6nRob6IaGaERwybpDrFaAZZoY="
        },
        "q": {
          "version": "1.4.1",
          "resolved": "https://registry.npmjs.org/q/-/q-1.4.1.tgz",
          "integrity": "sha1-VXBbzZPF82c1MMLCy8DCs63cKG4="
        },
        "webdriver-manager": {
          "version": "12.0.6",
          "resolved": "https://registry.npmjs.org/webdriver-manager/-/webdriver-manager-12.0.6.tgz",
          "integrity": "sha1-PfGkgZdwELTL+MnYXHpXeCjA5ws=",
          "dependencies": {
            "minimist": {
              "version": "1.2.0",
              "resolved": "https://registry.npmjs.org/minimist/-/minimist-1.2.0.tgz",
              "integrity": "sha1-o1AIsg9BOD7sH7kU9M1d95omQoQ="
            }
          }
        }
      }
    },
    "rxjs": {
      "version": "5.4.1",
      "resolved": "https://registry.npmjs.org/rxjs/-/rxjs-5.4.1.tgz",
      "integrity": "sha1-ti91fyeURdJloYpY+wpw3JDpFiY="
    },
    "ts-node": {
      "version": "3.0.6",
      "resolved": "https://registry.npmjs.org/ts-node/-/ts-node-3.0.6.tgz",
      "integrity": "sha1-VRJ/95DH7r9rpowebd6UsJqqIeA=",
      "dev": true,
      "dependencies": {
        "minimist": {
          "version": "1.2.0",
          "resolved": "https://registry.npmjs.org/minimist/-/minimist-1.2.0.tgz",
          "integrity": "sha1-o1AIsg9BOD7sH7kU9M1d95omQoQ="
        }
      }
    },
    "tslint": {
      "version": "5.3.2",
      "resolved": "https://registry.npmjs.org/tslint/-/tslint-5.3.2.tgz",
      "integrity": "sha1-5WRZ+wlacwfxA7hAUhdPXju+9u0=",
      "dev": true,
      "dependencies": {
        "optimist": {
          "version": "0.6.1",
          "resolved": "https://registry.npmjs.org/optimist/-/optimist-0.6.1.tgz",
          "integrity": "sha1-2j6nRob6IaGaERwybpDrFaAZZoY="
        }
      }
    },
    "typescript": {
      "version": "2.3.4",
      "resolved": "https://registry.npmjs.org/typescript/-/typescript-2.3.4.tgz",
      "integrity": "sha1-PTgyGCgjHkNPKHUUlZw3qCtin0I=",
      "dev": true
    },
    "zone.js": {
      "version": "0.8.14",
      "resolved": "https://registry.npmjs.org/zone.js/-/zone.js-0.8.14.tgz",
      "integrity": "sha1-DE2ySxeCMidMy0P3jJnbfzZCts8="
    }
  }
}
